
Microsoft Visual Studio Solution File, Format Version 12.00
# Visual Studio Version 16
VisualStudioVersion = 16.0.28803.202
MinimumVisualStudioVersion = 10.0.40219.1
Project("{FAE04EC0-301F-11D3-BF4B-00C04F79EFBC}") = "DatabaseFirstTest", "DatabaseFirstTest\DatabaseFirstTest.csproj", "{92F53495-0219-49CF-8E16-3D4E3B350BEA}"
EndProject
Project("{FAE04EC0-301F-11D3-BF4B-00C04F79EFBC}") = "ModelFirtsTest", "ModelFirtsTest\ModelFirtsTest.csproj", "{F48A036B-62F8-488D-965E-0E9ACFD558F7}"
EndProject
Project("{FAE04EC0-301F-11D3-BF4B-00C04F79EFBC}") = "ComicBookGalleryModel", "Src\ComicBookGalleryModel\ComicBookGalleryModel.csproj", "{6131A527-1844-4E43-B29B-86E5C1DC6FA0}"
EndProject
Global
	GlobalSection(SolutionConfigurationPlatforms) = preSolution
		Debug|Any CPU = Debug|Any CPU
		Release|Any CPU = Release|Any CPU
	EndGlobalSection
	GlobalSection(ProjectConfigurationPlatforms) = postSolution
		{92F53495-0219-49CF-8E16-3D4E3B350BEA}.Debug|Any CPU.ActiveCfg = Debug|Any CPU
		{92F53495-0219-49CF-8E16-3D4E3B350BEA}.Debug|Any CPU.Build.0 = Debug|Any CPU
		{92F53495-0219-49CF-8E16-3D4E3B350BEA}.Release|Any CPU.ActiveCfg = Release|Any CPU
		{92F53495-0219-49CF-8E16-3D4E3B350BEA}.Release|Any CPU.Build.0 = Release|Any CPU
		{F48A036B-62F8-488D-965E-0E9ACFD558F7}.Debug|Any CPU.ActiveCfg = Debug|Any CPU
		{F48A036B-62F8-488D-965E-0E9ACFD558F7}.Debug|Any CPU.Build.0 = Debug|Any CPU
		{F48A036B-62F8-488D-965E-0E9ACFD558F7}.Release|Any CPU.ActiveCfg = Release|Any CPU
		{F48A036B-62F8-488D-965E-0E9ACFD558F7}.Release|Any CPU.Build.0 = Release|Any CPU
		{6131A527-1844-4E43-B29B-86E5C1DC6FA0}.Debug|Any CPU.ActiveCfg = Debug|Any CPU
		{6131A527-1844-4E43-B29B-86E5C1DC6FA0}.Debug|Any CPU.Build.0 = Debug|Any CPU
		{6131A527-1844-4E43-B29B-86E5C1DC6FA0}.Release|Any CPU.ActiveCfg = Release|Any CPU
		{6131A527-1844-4E43-B29B-86E5C1DC6FA0}.Release|Any CPU.Build.0 = Release|Any CPU
	EndGlobalSection
	GlobalSection(SolutionProperties) = preSolution
		HideSolutionNode = FALSE
	EndGlobalSection
	GlobalSection(ExtensibilityGlobals) = postSolution
		SolutionGuid = {245E3652-0F3A-495C-9317-2F77CBB77B9B}
	EndGlobalSection
EndGlobal
